
Microsoft Visual Studio Solution File, Format Version 12.00
# Visual Studio 15
VisualStudioVersion = 15.0.27004.2006
MinimumVisualStudioVersion = 10.0.40219.1
Project("{FAE04EC0-301F-11D3-BF4B-00C04F79EFBC}") = "RotacionarImagens", "RotacionarImagens.csproj", "{BED001EE-FFC3-44F3-9D69-4DFC24C55E57}"
EndProject
Global
	GlobalSection(SolutionConfigurationPlatforms) = preSolution
		Debug|Any CPU = Debug|Any CPU
		Release|Any CPU = Release|Any CPU
	EndGlobalSection
	GlobalSection(ProjectConfigurationPlatforms) = postSolution
		{BED001EE-FFC3-44F3-9D69-4DFC24C55E57}.Debug|Any CPU.ActiveCfg = Debug|Any CPU
		{BED001EE-FFC3-44F3-9D69-4DFC24C55E57}.Debug|Any CPU.Build.0 = Debug|Any CPU
		{BED001EE-FFC3-44F3-9D69-4DFC24C55E57}.Release|Any CPU.ActiveCfg = Release|Any CPU
		{BED001EE-FFC3-44F3-9D69-4DFC24C55E57}.Release|Any CPU.Build.0 = Release|Any CPU
	EndGlobalSection
	GlobalSection(SolutionProperties) = preSolution
		HideSolutionNode = FALSE
	EndGlobalSection
	GlobalSection(ExtensibilityGlobals) = postSolution
		SolutionGuid = {E643CAF5-8D62-4F2A-85A7-DE783B9E6BCB}
	EndGlobalSection
EndGlobal
